{
    "_meta": {
        "hash": {
            "sha256": "9b206027da79c8cff4fb106b325a56105dc245b0d5c671119186221c26617226"
        },
        "pipfile-spec": 6,
        "requires": {
            "python_version": "3"
        },
        "sources": [
            {
                "name": "pypi",
                "url": "https://pypi.org/simple",
                "verify_ssl": true
            }
        ]
    },
    "default": {
        "asyncio": {
            "hashes": [
                "sha256:83360ff8bc97980e4ff25c964c7bd3923d333d177aa4f7fb736b019f26c7cb41",
                "sha256:b62c9157d36187eca799c378e572c969f0da87cd5fc42ca372d92cdb06e7e1de",
                "sha256:c46a87b48213d7464f22d9a497b9eef8c1928b68320a2fa94240f969f6fec08c",
                "sha256:c4d18b22701821de07bd6aea8b53d21449ec0ec5680645e5317062ea21817d2d"
            ],
            "version": "==3.4.3"
        },
        "beautifulsoup4": {
            "hashes": [
                "sha256:4c98143716ef1cb40bf7f39a8e3eec8f8b009509e74904ba3a7b315431577e35",
                "sha256:84729e322ad1d5b4d25f805bfa05b902dd96450f43842c4e99067d5e1369eb25",
                "sha256:fff47e031e34ec82bf17e00da8f592fe7de69aeea38be00523c04623c04fb666"
            ],
            "index": "pypi",
            "version": "==4.9.3"
        },
        "boto3": {
            "hashes": [
                "sha256:02835bcad77a5fda1fc376a824323779301ddf88f04a0ac16044d980f350c4a3",
                "sha256:b434170484348b870e3624069ca577d38e52ace0229d0619d8368454bb66ad3b"
            ],
            "index": "pypi",
            "version": "==1.17.77"
        },
        "botocore": {
            "hashes": [
                "sha256:466ab5eac5e5735d573e83e84194585cac4e804d2b91b7bbe0351bcaff10df32",
                "sha256:b2a71043378687dc891997669830e8b61eaea656981059dbd4898825659df639"
            ],
            "markers": "python_version >= '2.7' and python_version not in '3.0, 3.1, 3.2, 3.3, 3.4, 3.5'",
            "version": "==1.20.77"
        },
        "certifi": {
            "hashes": [
                "sha256:1a4995114262bffbc2413b159f2a1a480c969de6e6eb13ee966d470af86af59c",
                "sha256:719a74fb9e33b9bd44cc7f3a8d94bc35e4049deebe19ba7d8e108280cfd59830"
            ],
            "version": "==2020.12.5"
        },
        "chardet": {
            "hashes": [
                "sha256:0d6f53a15db4120f2b08c94f11e7d93d2c911ee118b6b30a04ec3ee8310179fa",
                "sha256:f864054d66fd9118f2e67044ac8981a54775ec5b67aed0441892edb553d21da5"
            ],
            "markers": "python_version >= '2.7' and python_version not in '3.0, 3.1, 3.2, 3.3, 3.4'",
            "version": "==4.0.0"
        },
        "confusable-homoglyphs": {
            "hashes": [
                "sha256:3b4a0d9fa510669498820c91a0bfc0c327568cecec90648cf3819d4a6fc6a751",
                "sha256:e3ce611028d882b74a5faa69e3cbb5bd4dcd9f69936da6e73d33eda42c917944"
            ],
            "version": "==3.2.0"
        },
        "django": {
            "hashes": [
                "sha256:12cfc045a4ccb2348719aaaa77b17e66a26bff9fc238b4c765a3e825ef92e414",
                "sha256:2710bff9dd480cf886e38947ee00aea3d6b9b04b77a748e352e3ce447b0fe17f"
            ],
            "index": "pypi",
            "version": "==2.2.23"
        },
        "django-appconf": {
            "hashes": [
                "sha256:1b1d0e1069c843ebe8ae5aa48ec52403b1440402b320c3e3a206a0907e97bb06",
                "sha256:be58deb54a43d77d2e1621fe59f787681376d3cd0b8bd8e4758ef6c3a6453380"
            ],
            "version": "==1.0.4"
        },
        "django-basic-apps": {
            "editable": true,
            "git": "https://github.com/tkanemoto/django-basic-apps.git",
            "ref": "f921a6c994fe29a69277b54fabaa024226d34080"
        },
        "django-compressor": {
            "hashes": [
                "sha256:3358077605c146fdcca5f9eaffb50aa5dbe15f238f8854679115ebf31c0415e0",
                "sha256:f8313f59d5e65712fc28787d084fe834997c9dfa92d064a1a3ec3d3366594d04"
            ],
            "index": "pypi",
            "version": "==2.4.1"
        },
        "django-contrib-comments": {
            "hashes": [
                "sha256:d82f1d04690550df026553053903deec0c52dc54212e1b79241b08f0355cff2c",
                "sha256:e02c7341ea1f4bcdfa347851dbf5e632d3e591d84b4f77de2f90b93398897f3c"
            ],
            "index": "pypi",
            "version": "==2.1.0"
        },
        "django-gravatar2": {
            "hashes": [
                "sha256:545a6c2c5c624c7635dec29c7bc0be1a2cb89c9b8821af8616ae9838827cc35b",
                "sha256:c813280967511ced93eea0359f60e5369c35b3311efe565c3e5d4ab35c10c9ee"
            ],
            "index": "pypi",
            "version": "==1.4.4"
        },
        "django-localflavor": {
            "hashes": [
                "sha256:fdfd47205a26d47d657e84c98b7a9dbe17f2a2a5e6f7ad02c31cb7e795b3a0f7"
            ],
            "index": "pypi",
            "version": "==1.6.2"
        },
        "django-registration": {
            "hashes": [
                "sha256:c9985f9ffd123534026bf5f39adb0b48fd7bf930b965f27f9a487d135f377ac6",
                "sha256:dde525b08880da1d72b556f19dfd1c6588233a43f8bc354481f2d3e8896c44f8"
            ],
            "index": "pypi",
            "version": "==3.1.2"
        },
        "django-storages": {
            "hashes": [
                "sha256:c823dbf56c9e35b0999a13d7e05062b837bae36c518a40255d522fbe3750fbb4",
                "sha256:f28765826d507a0309cfaa849bd084894bc71d81bf0d09479168d44785396f80"
            ],
            "index": "pypi",
            "version": "==1.11.1"
        },
        "django-tagging": {
            "hashes": [
                "sha256:28d68fa4831705e51ad7d1e845ed6dd9e354f9b6f8a5f63b655a430646ef4e8d",
                "sha256:5932ddcac9aec67cf605eeee06e9c498a022d145fa38d00c82088510d221f315"
            ],
            "index": "pypi",
            "version": "==0.5.0"
        },
        "django-torrent": {
            "editable": true,
            "git": "https://github.com/tkanemoto/django-torrent.git",
            "ref": "82192ed05a033098ac33efb8454de21543d4e356"
        },
        "django-treemenus": {
            "editable": true,
            "git": "https://github.com/tkanemoto/django-treemenus.git",
            "ref": "82caf523f4e9423e86e42be684316f682b12ade5"
        },
        "idna": {
            "hashes": [
                "sha256:b307872f855b18632ce0c21c5e45be78c0ea7ae4c15c828c20788b26921eb3f6",
                "sha256:b97d804b1e9b523befed77c48dacec60e6dcb0b5391d57af6a65a312a90648c0"
            ],
            "markers": "python_version >= '2.7' and python_version not in '3.0, 3.1, 3.2, 3.3'",
            "version": "==2.10"
        },
        "jmespath": {
            "hashes": [
                "sha256:b85d0567b8666149a93172712e68920734333c0ce7e89b78b3e987f71e5ed4f9",
                "sha256:cdf6525904cc597730141d61b36f2e4b8ecc257c420fa2f4549bac2c2d0cb72f"
            ],
            "markers": "python_version >= '2.6' and python_version not in '3.0, 3.1, 3.2, 3.3'",
            "version": "==0.10.0"
        },
        "markdown2": {
            "hashes": [
                "sha256:28d769f0e544e6f68f684f01e9b186747b079a6927d9ca77ebc8c640a2829b1b",
                "sha256:8d4ef4a2d090c99532069c4611a9a2b9bea6ae1fa29b6c3727c95d1e31a8f6c5"
            ],
            "index": "pypi",
            "version": "==2.4.0"
        },
        "psycopg2": {
            "hashes": [
                "sha256:00195b5f6832dbf2876b8bf77f12bdce648224c89c880719c745b90515233301",
                "sha256:068115e13c70dc5982dfc00c5d70437fe37c014c808acce119b5448361c03725",
                "sha256:26e7fd115a6db75267b325de0fba089b911a4a12ebd3d0b5e7acb7028bc46821",
                "sha256:2c93d4d16933fea5bbacbe1aaf8fa8c1348740b2e50b3735d1b0bf8154cbf0f3",
                "sha256:56007a226b8e95aa980ada7abdea6b40b75ce62a433bd27cec7a8178d57f4051",
                "sha256:56fee7f818d032f802b8eed81ef0c1232b8b42390df189cab9cfa87573fe52c5",
                "sha256:6a3d9efb6f36f1fe6aa8dbb5af55e067db802502c55a9defa47c5a1dad41df84",
                "sha256:a49833abfdede8985ba3f3ec641f771cca215479f41523e99dace96d5b8cce2a",
                "sha256:ad2fe8a37be669082e61fb001c185ffb58867fdbb3e7a6b0b0d2ffe232353a3e",
                "sha256:b8cae8b2f022efa1f011cc753adb9cbadfa5a184431d09b273fb49b4167561ad",
                "sha256:d160744652e81c80627a909a0e808f3c6653a40af435744de037e3172cf277f5",
                "sha256:d5062ae50b222da28253059880a871dc87e099c25cb68acf613d9d227413d6f7",
                "sha256:f22ea9b67aea4f4a1718300908a2fb62b3e4276cf00bd829a97ab5894af42ea3",
                "sha256:f974c96fca34ae9e4f49839ba6b78addf0346777b46c4da27a7bf54f48d3057d",
                "sha256:fb23f6c71107c37fd667cb4ea363ddeb936b348bbd6449278eb92c189699f543"
            ],
            "markers": "sys_platform == 'linux'",
            "version": "==2.8.6"
        },
        "pyflakes": {
            "hashes": [
                "sha256:7893783d01b8a89811dd72d7dfd4d84ff098e5eed95cfa8905b22bbffe52efc3",
                "sha256:f5bc8ecabc05bb9d291eb5203d6810b49040f6ff446a756326104746cc00c1db"
            ],
            "index": "pypi",
            "version": "==2.3.1"
        },
        "python-dateutil": {
            "hashes": [
                "sha256:73ebfe9dbf22e832286dafa60473e4cd239f8592f699aa5adaf10050e6e1823c",
                "sha256:75bb3f31ea686f1197762692a9ee6a7550b59fc6ca3a1f4b5d7e32fb98e2da2a"
            ],
            "index": "pypi",
            "version": "==2.8.1"
        },
        "python-memcached": {
            "hashes": [
                "sha256:4dac64916871bd3550263323fc2ce18e1e439080a2d5670c594cf3118d99b594",
                "sha256:a2e28637be13ee0bf1a8b6843e7490f9456fd3f2a4cb60471733c7b5d5557e4f"
            ],
            "index": "pypi",
            "version": "==1.59"
        },
        "pytz": {
            "hashes": [
                "sha256:83a4a90894bf38e243cf052c8b58f381bfe9a7a483f6a9cab140bc7f702ac4da",
                "sha256:eb10ce3e7736052ed3623d49975ce333bcd712c7bb19a58b9e2089d4057d0798"
            ],
            "version": "==2021.1"
        },
        "rcssmin": {
            "hashes": [
                "sha256:ca87b695d3d7864157773a61263e5abb96006e9ff0e021eff90cbe0e1ba18270"
            ],
            "version": "==1.0.6"
        },
        "requests": {
            "hashes": [
                "sha256:27973dd4a904a4f13b263a19c866c13b92a39ed1c964655f025f3f8d3d75b804",
                "sha256:c210084e36a42ae6b9219e00e48287def368a26d03a048ddad7bfee44f75871e"
            ],
            "index": "pypi",
            "version": "==2.25.1"
        },
        "rjsmin": {
            "hashes": [
                "sha256:0ab825839125eaca57cc59581d72e596e58a7a56fbc0839996b7528f0343a0a8",
                "sha256:211c2fe8298951663bbc02acdffbf714f6793df54bfc50e1c6c9e71b3f2559a3",
                "sha256:466fe70cc5647c7c51b3260c7e2e323a98b2b173564247f9c89e977720a0645f",
                "sha256:585e75a84d9199b68056fd4a083d9a61e2a92dfd10ff6d4ce5bdb04bc3bdbfaf",
                "sha256:6044ca86e917cd5bb2f95e6679a4192cef812122f28ee08c677513de019629b3",
                "sha256:714329db774a90947e0e2086cdddb80d5e8c4ac1c70c9f92436378dedb8ae345",
                "sha256:799890bd07a048892d8d3deb9042dbc20b7f5d0eb7da91e9483c561033b23ce2",
                "sha256:975b69754d6a76be47c0bead12367a1ca9220d08e5393f80bab0230d4625d1f4",
                "sha256:b15dc75c71f65d9493a8c7fa233fdcec823e3f1b88ad84a843ffef49b338ac32",
                "sha256:dd0f4819df4243ffe4c964995794c79ca43943b5b756de84be92b445a652fb86",
                "sha256:e3908b21ebb584ce74a6ac233bdb5f29485752c9d3be5e50c5484ed74169232c",
                "sha256:e487a7783ac4339e79ec610b98228eb9ac72178973e3dee16eba0e3feef25924",
                "sha256:ecd29f1b3e66a4c0753105baec262b331bcbceefc22fbe6f7e8bcd2067bcb4d7"
            ],
            "version": "==1.1.0"
        },
        "s3transfer": {
            "hashes": [
                "sha256:9b3752887a2880690ce628bc263d6d13a3864083aeacff4890c1c9839a5eb0bc",
                "sha256:cb022f4b16551edebbb31a377d3f09600dbada7363d8c5db7976e7f47732e1b2"
            ],
            "version": "==0.4.2"
        },
        "sentry-sdk": {
            "hashes": [
                "sha256:c1227d38dca315ba35182373f129c3e2722e8ed999e52584e6aca7d287870739",
                "sha256:c7d380a21281e15be3d9f67a3c4fbb4f800c481d88ff8d8931f39486dd7b4ada"
            ],
            "index": "pypi",
            "version": "==1.1.0"
        },
        "six": {
            "hashes": [
                "sha256:1e61c37477a1626458e36f7b1d82aa5c9b094fa4802892072e49de9c60c4c926",
                "sha256:8abb2f1d86890a2dfb989f9a77cfcfd3e47c2a354b01111771326f8aa26e0254"
            ],
            "markers": "python_version >= '2.7' and python_version not in '3.0, 3.1, 3.2, 3.3'",
            "version": "==1.16.0"
        },
        "soupsieve": {
            "hashes": [
                "sha256:052774848f448cf19c7e959adf5566904d525f33a3f8b6ba6f6f8f26ec7de0cc",
                "sha256:c2c1c2d44f158cdbddab7824a9af8c4f83c76b1e23e049479aa432feb6c4c23b"
            ],
            "markers": "python_version >= '3.0'",
            "version": "==2.2.1"
        },
        "sqlparse": {
            "hashes": [
                "sha256:017cde379adbd6a1f15a61873f43e8274179378e95ef3fede90b5aa64d304ed0",
                "sha256:0f91fd2e829c44362cbcfab3e9ae12e22badaa8a29ad5ff599f9ec109f0454e8"
            ],
            "markers": "python_version >= '3.5'",
            "version": "==0.4.1"
        },
        "transmissionrpc": {
            "hashes": [
                "sha256:8178e2a61bc4381ce214401e4513dad00d082bc0d55edbb805586e66a2bbd824",
                "sha256:ec43b460f9fde2faedbfa6d663ef495b3fd69df855a135eebe8f8a741c0dde60",
                "sha256:f55d9eebd71672890f747ff5467bcdfb19ad9a08d3e5afb03f61442750ed2569"
            ],
            "version": "==0.11"
        },
        "urllib3": {
            "hashes": [
                "sha256:2f4da4594db7e1e110a944bb1b551fdf4e6c136ad42e4234131391e21eb5b0df",
                "sha256:e7b021f7241115872f92f43c6508082facffbd1c048e3c6e2bb9c2a157e28937"
            ],
            "markers": "python_version >= '2.7' and python_version not in '3.0, 3.1, 3.2, 3.3, 3.4' and python_version < '4'",
            "version": "==1.26.4"
        },
        "websockets": {
            "hashes": [
                "sha256:039ca218df60228f70ae57c0236e4c001643555e08c16dbd2affb740098aa409",
                "sha256:041643544bd0c703ac67d4fc9db3108ba9edb4655000b122a1aaf5fe8d5d94b7",
                "sha256:0675814e16a13e842d9c609a5fd584e54a38519658af6424080090379d0727c9",
                "sha256:075bffd2a26ad54f78ffaf36918219b24c7e59d2ead336dc402489c2ba05293f",
                "sha256:07bf4e7b8ed81f14c726f59cf05469049a624765d1833af31be7bfaf8168bfa2",
                "sha256:0fba718694519ad310d6de90a416c592c9d9c7231e4a8d43d9e8f6ca73d6ef84",
                "sha256:120d411b4b553ee1b6f25b2bed5401564ad957c5faa0d77f581357e835cb1e27",
                "sha256:243aab42649b1e3f58e1219be6c6adb996450d00809cdffdffd13021cf2b596a",
                "sha256:26d74a477a97731708a23f4cd818a29beb8f8fdde2aa7e1504954c5ed7bca59d",
                "sha256:27dc3e2dae2e8761c2001e1477973c1cef48d4a8ff08955cda91223066dfdeef",
                "sha256:2aa2a305d4baf8aef2ba57366633e55fca1653a6d038660c4512ea6e45c9d038",
                "sha256:6550ecf06e39b7b009605d332dc58b04f3f6f8fe087d452bb2ea4712fbbdcbe6",
                "sha256:6de6c68d6a2dff2a10eaa96339eeab857e55de987ea93f199774e11a8a262661",
                "sha256:70c317ba8fe19aa6e8eed7329a19acd8f720b7a36413cf80b6b5cc1231cd0fde",
                "sha256:73b6e6081617b8b46f50ad0179a975df94989371731e59f7b570efc3b6749415",
                "sha256:7d046f13854fb7a617d638ee4ab32583fd770e76d05cfe77b74b4ccad187c2ec",
                "sha256:7f69f950a801ed9df301c8f85873f35805df3a06b2ffe481961cb16edd94cc61",
                "sha256:87f6704568a55add8fc67a6de46d71edb6aad515be6333ae9da048c53c7ecc3e",
                "sha256:947c5c8624a45d7f25d90c07906459af51b711906e52e932aee368299561100c",
                "sha256:aff8094a36fa3bb80de9ef9f33c42cb7f5615d90f696ce33aba4974090aac5a6",
                "sha256:b002d1a8974b734c6c1779439e6c4669ac786f9cd978faab9f9ca32a59256537",
                "sha256:b3165c728cd17a70f0143a3e402a7e25f647ba7a7d38c4c6fa586c458bf67d27",
                "sha256:b3850516029cc77c1911c62e5ccde3438a223d99b505b37abcac43f9a944c42f",
                "sha256:b755e640c3644f6bf9ebfc67220f56b40af6f0b750c88cdea872667aab0b29bd",
                "sha256:bd707e4aa2535f9ee67288139e75d246872b9c33a2f10ce96287b98e15794d7b",
                "sha256:db95eff41bfed6904a42760723a4194bba808f99f72bbfaab8a8820d34ea346d",
                "sha256:e2ea2463b55781ebdcfd853644b94ebed7adb2c0b55dee25ef4809660d64508e",
                "sha256:e7856452e03fef6f9d32c75f74b427925537ec013db2aeb0e8a13bf6b5ec1c65",
                "sha256:e9918588676ba6d20bdc13d0156b0f70d60772a9000666b44d11c5e18c289c0c",
                "sha256:ee4eb10f4dc7b08ee0a69f00fcb109ac73f1b8719abf09e93121fb3c95aecc78",
                "sha256:eece76f3aa1f710b53a8dda7dece157b2cf9b4b975db989aece5417441ffc94f",
                "sha256:f474351c3f6aecc49d90a8ed06eb291aa0a762b64472b0ab79a4a3061e9b2118",
                "sha256:fe4a0ee6f7385d5863d1e9e33ac0cfaa9ad38e21c6ccbce1895490c3be6a8e54"
            ],
            "markers": "python_full_version >= '3.6.1'",
            "version": "==9.0.2"
        }
    },
    "develop": {}
}
